<Solution>
  <Folder Name="/.build/">
    <File Path=".editorconfig" />
    <File Path=".gitignore" />
    <File Path="paket.dependencies" />
    <File Path="paket.lock" />
  </Folder>
  <Project Path="SortablePokerHands.Tests/SortablePokerHands.Tests.csproj" />
  <Project Path="SortablePokerHands/SortablePokerHands.csproj" />
</Solution>